# This file is automatically @generated by Wally.
# It is not intended for manual editing.
registry = "test"

[[package]]
name = "centau/vide"
version = "0.4.0"
dependencies = []

[[package]]
name = "emilb/framework-3-0"
version = "0.1.0"
dependencies = [["Vide", "centau/vide@0.4.0"], ["cmdr", "evaera/cmdr@1.12.0"], ["promise", "evaera/promise@4.0.0"], ["trove", "sleitnick/trove@1.8.0"]]

[[package]]
name = "evaera/cmdr"
version = "1.12.0"
dependencies = []

[[package]]
name = "evaera/promise"
version = "4.0.0"
dependencies = []

[[package]]
name = "sleitnick/trove"
version = "1.8.0"
dependencies = []
